// !$*UTF8*$!
{
	archiveVersion = 1;
	classes = {
	};
	objectVersion = 46;
	objects = {

/* Begin PBXBuildFile section */
		E95862081C214F5D0067D07F /* AppDelegate.swift in Sources */ = {isa = PBXBuildFile; fileRef = E95862071C214F5D0067D07F /* AppDelegate.swift */; };
		E958620A1C214F5D0067D07F /* ViewController.swift in Sources */ = {isa = PBXBuildFile; fileRef = E95862091C214F5D0067D07F /* ViewController.swift */; };
		E958620D1C214F5D0067D07F /* Main.storyboard in Resources */ = {isa = PBXBuildFile; fileRef = E958620B1C214F5D0067D07F /* Main.storyboard */; };
		E958620F1C214F5D0067D07F /* Assets.xcassets in Resources */ = {isa = PBXBuildFile; fileRef = E958620E1C214F5D0067D07F /* Assets.xcassets */; };
		E958621B1C2150570067D07F /* 3.png in Resources */ = {isa = PBXBuildFile; fileRef = E95862191C2150570067D07F /* 3.png */; };
		E958621C1C2150570067D07F /* 123.jpg in Resources */ = {isa = PBXBuildFile; fileRef = E958621A1C2150570067D07F /* 123.jpg */; };
		E958621E1C2151640067D07F /* 5.jpg in Resources */ = {isa = PBXBuildFile; fileRef = E958621D1C2151640067D07F /* 5.jpg */; };
		E95862201C2151AA0067D07F /* 主界面.jpg in Resources */ = {isa = PBXBuildFile; fileRef = E958621F1C2151AA0067D07F /* 主界面.jpg */; };
		E95862221C2154120067D07F /* MainViewController.swift in Sources */ = {isa = PBXBuildFile; fileRef = E95862211C2154120067D07F /* MainViewController.swift */; };
		E96DECF81C22850B000EFE65 /* 交运LOGO.png in Resources */ = {isa = PBXBuildFile; fileRef = E96DECF51C22850A000EFE65 /* 交运LOGO.png */; };
		E96DECF91C22850B000EFE65 /* 密码.png in Resources */ = {isa = PBXBuildFile; fileRef = E96DECF61C22850A000EFE65 /* 密码.png */; };
		E96DECFA1C22850B000EFE65 /* 手机号.png in Resources */ = {isa = PBXBuildFile; fileRef = E96DECF71C22850A000EFE65 /* 手机号.png */; };
		E98822761C2BF89100158B71 /* TruckControllerViewItem.swift in Sources */ = {isa = PBXBuildFile; fileRef = E98822751C2BF89100158B71 /* TruckControllerViewItem.swift */; };
		E98822881C2D109E00158B71 /* AddDriverTruckVC.swift in Sources */ = {isa = PBXBuildFile; fileRef = E98822871C2D109E00158B71 /* AddDriverTruckVC.swift */; };
		E9B8008A1C337F97009F06AE /* yyz.jpg in Resources */ = {isa = PBXBuildFile; fileRef = E9B800871C337F97009F06AE /* yyz.jpg */; };
		E9B8008B1C337F97009F06AE /* truck.jpg in Resources */ = {isa = PBXBuildFile; fileRef = E9B800881C337F97009F06AE /* truck.jpg */; };
		E9B8008C1C337F97009F06AE /* xcz.jpg in Resources */ = {isa = PBXBuildFile; fileRef = E9B800891C337F97009F06AE /* xcz.jpg */; };
		E9B8009C1C3388D2009F06AE /* goodstype.png in Resources */ = {isa = PBXBuildFile; fileRef = E9B800941C3388D2009F06AE /* goodstype.png */; };
		E9B8009D1C3388D2009F06AE /* startPosition.png in Resources */ = {isa = PBXBuildFile; fileRef = E9B800951C3388D2009F06AE /* startPosition.png */; };
		E9B8009E1C3388D2009F06AE /* graborder.png in Resources */ = {isa = PBXBuildFile; fileRef = E9B800961C3388D2009F06AE /* graborder.png */; };
		E9B8009F1C3388D2009F06AE /* littletruck.png in Resources */ = {isa = PBXBuildFile; fileRef = E9B800971C3388D2009F06AE /* littletruck.png */; };
		E9B800A01C3388D2009F06AE /* returnback.png in Resources */ = {isa = PBXBuildFile; fileRef = E9B800981C3388D2009F06AE /* returnback.png */; };
		E9B800A11C3388D2009F06AE /* endPosition.png in Resources */ = {isa = PBXBuildFile; fileRef = E9B800991C3388D2009F06AE /* endPosition.png */; };
		E9B800A21C3388D2009F06AE /* bigtruck.png in Resources */ = {isa = PBXBuildFile; fileRef = E9B8009A1C3388D2009F06AE /* bigtruck.png */; };
		E9B800A31C3388D2009F06AE /* loadtime.png in Resources */ = {isa = PBXBuildFile; fileRef = E9B8009B1C3388D2009F06AE /* loadtime.png */; };
		E9B800A51C33A019009F06AE /* GoodsViewController.swift in Sources */ = {isa = PBXBuildFile; fileRef = E9B800A41C33A019009F06AE /* GoodsViewController.swift */; };
		E9B800A81C34BC36009F06AE /* MyOrderViewController.swift in Sources */ = {isa = PBXBuildFile; fileRef = E9B800A71C34BC36009F06AE /* MyOrderViewController.swift */; };
		E9B800B01C34DAA4009F06AE /* GoodInfoViewItem.swift in Sources */ = {isa = PBXBuildFile; fileRef = E9B800AF1C34DAA4009F06AE /* GoodInfoViewItem.swift */; };
		E9D442281C27E471006E200D /* Alamofire.framework in Frameworks */ = {isa = PBXBuildFile; fileRef = E9D4421B1C27E45C006E200D /* Alamofire.framework */; };
		E9D442291C27E471006E200D /* Alamofire.framework in Embed Frameworks */ = {isa = PBXBuildFile; fileRef = E9D4421B1C27E45C006E200D /* Alamofire.framework */; settings = {ATTRIBUTES = (CodeSignOnCopy, RemoveHeadersOnCopy, ); }; };
		E9D9833F1C2BCEB4004E3493 /* ReleaseTruckViewController.swift in Sources */ = {isa = PBXBuildFile; fileRef = E9D9833E1C2BCEB4004E3493 /* ReleaseTruckViewController.swift */; };
		E9D983481C2BD600004E3493 /* DictionaryModel.swift in Sources */ = {isa = PBXBuildFile; fileRef = E9D983471C2BD600004E3493 /* DictionaryModel.swift */; };
		E9E4DDAA1C2A2B6200C496D3 /* 姓名.png in Resources */ = {isa = PBXBuildFile; fileRef = E9E4DDA91C2A2B6200C496D3 /* 姓名.png */; };
		E9E4DDAD1C2A2F9200C496D3 /* unselect.png in Resources */ = {isa = PBXBuildFile; fileRef = E9E4DDAB1C2A2F9200C496D3 /* unselect.png */; };
		E9E4DDAE1C2A2F9200C496D3 /* selected.png in Resources */ = {isa = PBXBuildFile; fileRef = E9E4DDAC1C2A2F9200C496D3 /* selected.png */; };
		E9E4DDB41C2A30A300C496D3 /* RegisterViewController.swift in Sources */ = {isa = PBXBuildFile; fileRef = E9E4DDB31C2A30A300C496D3 /* RegisterViewController.swift */; };
		E9E4DDBF1C2A880C00C496D3 /* 个人名片.jpg in Resources */ = {isa = PBXBuildFile; fileRef = E9E4DDBB1C2A880C00C496D3 /* 个人名片.jpg */; };
		E9E4DDC01C2A880C00C496D3 /* 门头照片.jpg in Resources */ = {isa = PBXBuildFile; fileRef = E9E4DDBC1C2A880C00C496D3 /* 门头照片.jpg */; };
		E9E4DDC11C2A880C00C496D3 /* 我是车主.jpg in Resources */ = {isa = PBXBuildFile; fileRef = E9E4DDBD1C2A880C00C496D3 /* 我是车主.jpg */; };
		E9E4DDC21C2A880C00C496D3 /* 我是货主.jpg in Resources */ = {isa = PBXBuildFile; fileRef = E9E4DDBE1C2A880C00C496D3 /* 我是货主.jpg */; };
		E9E4DDC41C2A962700C496D3 /* 添加.png in Resources */ = {isa = PBXBuildFile; fileRef = E9E4DDC31C2A962700C496D3 /* 添加.png */; };
		E9E4DDC61C2A963500C496D3 /* 上传照片.png in Resources */ = {isa = PBXBuildFile; fileRef = E9E4DDC51C2A963500C496D3 /* 上传照片.png */; };
		E9E4DDC81C2A963D00C496D3 /* expand.png in Resources */ = {isa = PBXBuildFile; fileRef = E9E4DDC71C2A963D00C496D3 /* expand.png */; };
		E9E4DDCA1C2A964D00C496D3 /* 返回.png in Resources */ = {isa = PBXBuildFile; fileRef = E9E4DDC91C2A964C00C496D3 /* 返回.png */; };
/* End PBXBuildFile section */

/* Begin PBXContainerItemProxy section */
		E9D4421A1C27E45C006E200D /* PBXContainerItemProxy */ = {
			isa = PBXContainerItemProxy;
			containerPortal = E9D442101C27E45B006E200D /* Alamofire.xcodeproj */;
			proxyType = 2;
			remoteGlobalIDString = F8111E3319A95C8B0040E7D1;
			remoteInfo = "Alamofire iOS";
		};
		E9D4421C1C27E45C006E200D /* PBXContainerItemProxy */ = {
			isa = PBXContainerItemProxy;
			containerPortal = E9D442101C27E45B006E200D /* Alamofire.xcodeproj */;
			proxyType = 2;
			remoteGlobalIDString = F8111E3E19A95C8B0040E7D1;
			remoteInfo = "Alamofire iOS Tests";
		};
		E9D4421E1C27E45C006E200D /* PBXContainerItemProxy */ = {
			isa = PBXContainerItemProxy;
			containerPortal = E9D442101C27E45B006E200D /* Alamofire.xcodeproj */;
			proxyType = 2;
			remoteGlobalIDString = 4DD67C0B1A5C55C900ED2280;
			remoteInfo = "Alamofire OSX";
		};
		E9D442201C27E45C006E200D /* PBXContainerItemProxy */ = {
			isa = PBXContainerItemProxy;
			containerPortal = E9D442101C27E45B006E200D /* Alamofire.xcodeproj */;
			proxyType = 2;
			remoteGlobalIDString = F829C6B21A7A94F100A2CD59;
			remoteInfo = "Alamofire OSX Tests";
		};
		E9D442221C27E45C006E200D /* PBXContainerItemProxy */ = {
			isa = PBXContainerItemProxy;
			containerPortal = E9D442101C27E45B006E200D /* Alamofire.xcodeproj */;
			proxyType = 2;
			remoteGlobalIDString = 4CF626EF1BA7CB3E0011A099;
			remoteInfo = "Alamofire tvOS";
		};
		E9D442241C27E45C006E200D /* PBXContainerItemProxy */ = {
			isa = PBXContainerItemProxy;
			containerPortal = E9D442101C27E45B006E200D /* Alamofire.xcodeproj */;
			proxyType = 2;
			remoteGlobalIDString = 4CF626F81BA7CB3E0011A099;
			remoteInfo = "Alamofire tvOS Tests";
		};
		E9D442261C27E45C006E200D /* PBXContainerItemProxy */ = {
			isa = PBXContainerItemProxy;
			containerPortal = E9D442101C27E45B006E200D /* Alamofire.xcodeproj */;
			proxyType = 2;
			remoteGlobalIDString = E4202FE01B667AA100C997FB;
			remoteInfo = "Alamofire watchOS";
		};
		E9D4422A1C27E471006E200D /* PBXContainerItemProxy */ = {
			isa = PBXContainerItemProxy;
			containerPortal = E9D442101C27E45B006E200D /* Alamofire.xcodeproj */;
			proxyType = 1;
			remoteGlobalIDString = F8111E3219A95C8B0040E7D1;
			remoteInfo = "Alamofire iOS";
		};
/* End PBXContainerItemProxy section */

/* Begin PBXCopyFilesBuildPhase section */
		E9D4422C1C27E471006E200D /* Embed Frameworks */ = {
			isa = PBXCopyFilesBuildPhase;
			buildActionMask = 2147483647;
			dstPath = "";
			dstSubfolderSpec = 10;
			files = (
				E9D442291C27E471006E200D /* Alamofire.framework in Embed Frameworks */,
			);
			name = "Embed Frameworks";
			runOnlyForDeploymentPostprocessing = 0;
		};
/* End PBXCopyFilesBuildPhase section */

/* Begin PBXFileReference section */
		E95862041C214F5D0067D07F /* GuidePage.app */ = {isa = PBXFileReference; explicitFileType = wrapper.application; includeInIndex = 0; path = GuidePage.app; sourceTree = BUILT_PRODUCTS_DIR; };
		E95862071C214F5D0067D07F /* AppDelegate.swift */ = {isa = PBXFileReference; lastKnownFileType = sourcecode.swift; path = AppDelegate.swift; sourceTree = "<group>"; };
		E95862091C214F5D0067D07F /* ViewController.swift */ = {isa = PBXFileReference; lastKnownFileType = sourcecode.swift; name = ViewController.swift; path = GuidePage/ViewController.swift; sourceTree = "<group>"; };
		E958620C1C214F5D0067D07F /* Base */ = {isa = PBXFileReference; lastKnownFileType = file.storyboard; name = Base; path = Base.lproj/Main.storyboard; sourceTree = "<group>"; };
		E958620E1C214F5D0067D07F /* Assets.xcassets */ = {isa = PBXFileReference; lastKnownFileType = folder.assetcatalog; path = Assets.xcassets; sourceTree = "<group>"; };
		E95862131C214F5D0067D07F /* Info.plist */ = {isa = PBXFileReference; lastKnownFileType = text.plist.xml; path = Info.plist; sourceTree = "<group>"; };
		E95862191C2150570067D07F /* 3.png */ = {isa = PBXFileReference; lastKnownFileType = image.png; name = 3.png; path = GuidePage/3.png; sourceTree = "<group>"; };
		E958621A1C2150570067D07F /* 123.jpg */ = {isa = PBXFileReference; lastKnownFileType = image.jpeg; name = 123.jpg; path = GuidePage/123.jpg; sourceTree = "<group>"; };
		E958621D1C2151640067D07F /* 5.jpg */ = {isa = PBXFileReference; lastKnownFileType = image.jpeg; name = 5.jpg; path = GuidePage/5.jpg; sourceTree = "<group>"; };
		E958621F1C2151AA0067D07F /* 主界面.jpg */ = {isa = PBXFileReference; lastKnownFileType = image.jpeg; name = "主界面.jpg"; path = "GuidePage/主界面.jpg"; sourceTree = "<group>"; };
		E95862211C2154120067D07F /* MainViewController.swift */ = {isa = PBXFileReference; fileEncoding = 4; lastKnownFileType = sourcecode.swift; name = MainViewController.swift; path = GuidePage/MainViewController.swift; sourceTree = "<group>"; };
		E96DECF51C22850A000EFE65 /* 交运LOGO.png */ = {isa = PBXFileReference; lastKnownFileType = image.png; name = "交运LOGO.png"; path = "登录/交运LOGO.png"; sourceTree = "<group>"; };
		E96DECF61C22850A000EFE65 /* 密码.png */ = {isa = PBXFileReference; lastKnownFileType = image.png; name = "密码.png"; path = "登录/密码.png"; sourceTree = "<group>"; };
		E96DECF71C22850A000EFE65 /* 手机号.png */ = {isa = PBXFileReference; lastKnownFileType = image.png; name = "手机号.png"; path = "登录/手机号.png"; sourceTree = "<group>"; };
		E98822751C2BF89100158B71 /* TruckControllerViewItem.swift */ = {isa = PBXFileReference; fileEncoding = 4; lastKnownFileType = sourcecode.swift; path = TruckControllerViewItem.swift; sourceTree = "<group>"; };
		E98822871C2D109E00158B71 /* AddDriverTruckVC.swift */ = {isa = PBXFileReference; fileEncoding = 4; lastKnownFileType = sourcecode.swift; path = AddDriverTruckVC.swift; sourceTree = "<group>"; };
		E9B800871C337F97009F06AE /* yyz.jpg */ = {isa = PBXFileReference; lastKnownFileType = image.jpeg; path = yyz.jpg; sourceTree = "<group>"; };
		E9B800881C337F97009F06AE /* truck.jpg */ = {isa = PBXFileReference; lastKnownFileType = image.jpeg; path = truck.jpg; sourceTree = "<group>"; };
		E9B800891C337F97009F06AE /* xcz.jpg */ = {isa = PBXFileReference; lastKnownFileType = image.jpeg; path = xcz.jpg; sourceTree = "<group>"; };
		E9B800941C3388D2009F06AE /* goodstype.png */ = {isa = PBXFileReference; lastKnownFileType = image.png; path = goodstype.png; sourceTree = "<group>"; };
		E9B800951C3388D2009F06AE /* startPosition.png */ = {isa = PBXFileReference; lastKnownFileType = image.png; path = startPosition.png; sourceTree = "<group>"; };
		E9B800961C3388D2009F06AE /* graborder.png */ = {isa = PBXFileReference; lastKnownFileType = image.png; path = graborder.png; sourceTree = "<group>"; };
		E9B800971C3388D2009F06AE /* littletruck.png */ = {isa = PBXFileReference; lastKnownFileType = image.png; path = littletruck.png; sourceTree = "<group>"; };
		E9B800981C3388D2009F06AE /* returnback.png */ = {isa = PBXFileReference; lastKnownFileType = image.png; path = returnback.png; sourceTree = "<group>"; };
		E9B800991C3388D2009F06AE /* endPosition.png */ = {isa = PBXFileReference; lastKnownFileType = image.png; path = endPosition.png; sourceTree = "<group>"; };
		E9B8009A1C3388D2009F06AE /* bigtruck.png */ = {isa = PBXFileReference; lastKnownFileType = image.png; path = bigtruck.png; sourceTree = "<group>"; };
		E9B8009B1C3388D2009F06AE /* loadtime.png */ = {isa = PBXFileReference; lastKnownFileType = image.png; path = loadtime.png; sourceTree = "<group>"; };
		E9B800A41C33A019009F06AE /* GoodsViewController.swift */ = {isa = PBXFileReference; fileEncoding = 4; lastKnownFileType = sourcecode.swift; path = GoodsViewController.swift; sourceTree = "<group>"; };
		E9B800A71C34BC36009F06AE /* MyOrderViewController.swift */ = {isa = PBXFileReference; fileEncoding = 4; lastKnownFileType = sourcecode.swift; path = MyOrderViewController.swift; sourceTree = "<group>"; };
		E9B800AF1C34DAA4009F06AE /* GoodInfoViewItem.swift */ = {isa = PBXFileReference; fileEncoding = 4; lastKnownFileType = sourcecode.swift; path = GoodInfoViewItem.swift; sourceTree = "<group>"; };
		E9D442101C27E45B006E200D /* Alamofire.xcodeproj */ = {isa = PBXFileReference; lastKnownFileType = "wrapper.pb-project"; name = Alamofire.xcodeproj; path = "Alamofire-master/Alamofire.xcodeproj"; sourceTree = "<group>"; };
		E9D9833E1C2BCEB4004E3493 /* ReleaseTruckViewController.swift */ = {isa = PBXFileReference; fileEncoding = 4; lastKnownFileType = sourcecode.swift; path = ReleaseTruckViewController.swift; sourceTree = "<group>"; };
		E9D983471C2BD600004E3493 /* DictionaryModel.swift */ = {isa = PBXFileReference; fileEncoding = 4; lastKnownFileType = sourcecode.swift; path = DictionaryModel.swift; sourceTree = "<group>"; };
		E9E4DDA91C2A2B6200C496D3 /* 姓名.png */ = {isa = PBXFileReference; lastKnownFileType = image.png; path = "姓名.png"; sourceTree = "<group>"; };
		E9E4DDAB1C2A2F9200C496D3 /* unselect.png */ = {isa = PBXFileReference; lastKnownFileType = image.png; path = unselect.png; sourceTree = "<group>"; };
		E9E4DDAC1C2A2F9200C496D3 /* selected.png */ = {isa = PBXFileReference; lastKnownFileType = image.png; path = selected.png; sourceTree = "<group>"; };
		E9E4DDB31C2A30A300C496D3 /* RegisterViewController.swift */ = {isa = PBXFileReference; fileEncoding = 4; lastKnownFileType = sourcecode.swift; name = RegisterViewController.swift; path = GuidePage/RegisterViewController.swift; sourceTree = "<group>"; };
		E9E4DDBB1C2A880C00C496D3 /* 个人名片.jpg */ = {isa = PBXFileReference; lastKnownFileType = image.jpeg; path = "个人名片.jpg"; sourceTree = "<group>"; };
		E9E4DDBC1C2A880C00C496D3 /* 门头照片.jpg */ = {isa = PBXFileReference; lastKnownFileType = image.jpeg; path = "门头照片.jpg"; sourceTree = "<group>"; };
		E9E4DDBD1C2A880C00C496D3 /* 我是车主.jpg */ = {isa = PBXFileReference; lastKnownFileType = image.jpeg; path = "我是车主.jpg"; sourceTree = "<group>"; };
		E9E4DDBE1C2A880C00C496D3 /* 我是货主.jpg */ = {isa = PBXFileReference; lastKnownFileType = image.jpeg; path = "我是货主.jpg"; sourceTree = "<group>"; };
		E9E4DDC31C2A962700C496D3 /* 添加.png */ = {isa = PBXFileReference; lastKnownFileType = image.png; path = "添加.png"; sourceTree = "<group>"; };
		E9E4DDC51C2A963500C496D3 /* 上传照片.png */ = {isa = PBXFileReference; lastKnownFileType = image.png; path = "上传照片.png"; sourceTree = "<group>"; };
		E9E4DDC71C2A963D00C496D3 /* expand.png */ = {isa = PBXFileReference; lastKnownFileType = image.png; path = expand.png; sourceTree = "<group>"; };
		E9E4DDC91C2A964C00C496D3 /* 返回.png */ = {isa = PBXFileReference; lastKnownFileType = image.png; path = "返回.png"; sourceTree = "<group>"; };
/* End PBXFileReference section */

/* Begin PBXFrameworksBuildPhase section */
		E95862011C214F5D0067D07F /* Frameworks */ = {
			isa = PBXFrameworksBuildPhase;
			buildActionMask = 2147483647;
			files = (
				E9D442281C27E471006E200D /* Alamofire.framework in Frameworks */,
			);
			runOnlyForDeploymentPostprocessing = 0;
		};
/* End PBXFrameworksBuildPhase section */

/* Begin PBXGroup section */
		E95861FB1C214F5D0067D07F = {
			isa = PBXGroup;
			children = (
				E9D983461C2BD5B9004E3493 /* DateModel */,
				E9D442101C27E45B006E200D /* Alamofire.xcodeproj */,
				E9E4DDB61C2A31F000C496D3 /* ViewController */,
				E9E4DDB51C2A31DC00C496D3 /* StoryBoard */,
				E95862231C225D080067D07F /* Images */,
				E95862061C214F5D0067D07F /* GuidePage */,
				E95862051C214F5D0067D07F /* Products */,
			);
			sourceTree = "<group>";
		};
		E95862051C214F5D0067D07F /* Products */ = {
			isa = PBXGroup;
			children = (
				E95862041C214F5D0067D07F /* GuidePage.app */,
			);
			name = Products;
			sourceTree = "<group>";
		};
		E95862061C214F5D0067D07F /* GuidePage */ = {
			isa = PBXGroup;
			children = (
				E95862071C214F5D0067D07F /* AppDelegate.swift */,
				E958620E1C214F5D0067D07F /* Assets.xcassets */,
				E95862131C214F5D0067D07F /* Info.plist */,
			);
			path = GuidePage;
			sourceTree = "<group>";
		};
		E95862231C225D080067D07F /* Images */ = {
			isa = PBXGroup;
			children = (
				E9B800931C3388B7009F06AE /* goodsInfo */,
				E9E4DD9E1C2960B800C496D3 /* 引导页 */,
			);
			name = Images;
			sourceTree = "<group>";
		};
		E988226E1C2BF84900158B71 /* CustomControllers */ = {
			isa = PBXGroup;
			children = (
				E98822751C2BF89100158B71 /* TruckControllerViewItem.swift */,
				E9B800AF1C34DAA4009F06AE /* GoodInfoViewItem.swift */,
			);
			name = CustomControllers;
			sourceTree = "<group>";
		};
		E9B800931C3388B7009F06AE /* goodsInfo */ = {
			isa = PBXGroup;
			children = (
				E9B800941C3388D2009F06AE /* goodstype.png */,
				E9B800951C3388D2009F06AE /* startPosition.png */,
				E9B800961C3388D2009F06AE /* graborder.png */,
				E9B800971C3388D2009F06AE /* littletruck.png */,
				E9B800981C3388D2009F06AE /* returnback.png */,
				E9B800991C3388D2009F06AE /* endPosition.png */,
				E9B8009A1C3388D2009F06AE /* bigtruck.png */,
				E9B8009B1C3388D2009F06AE /* loadtime.png */,
			);
			name = goodsInfo;
			sourceTree = "<group>";
		};
		E9D442111C27E45B006E200D /* Products */ = {
			isa = PBXGroup;
			children = (
				E9D4421B1C27E45C006E200D /* Alamofire.framework */,
				E9D4421D1C27E45C006E200D /* Alamofire iOS Tests.xctest */,
				E9D4421F1C27E45C006E200D /* Alamofire.framework */,
				E9D442211C27E45C006E200D /* Alamofire OSX Tests.xctest */,
				E9D442231C27E45C006E200D /* Alamofire.framework */,
				E9D442251C27E45C006E200D /* Alamofire tvOS Tests.xctest */,
				E9D442271C27E45C006E200D /* Alamofire.framework */,
			);
			name = Products;
			sourceTree = "<group>";
		};
		E9D983461C2BD5B9004E3493 /* DateModel */ = {
			isa = PBXGroup;
			children = (
				E9D983471C2BD600004E3493 /* DictionaryModel.swift */,
			);
			name = DateModel;
			sourceTree = "<group>";
		};
		E9E4DD9E1C2960B800C496D3 /* 引导页 */ = {
			isa = PBXGroup;
			children = (
				E9B800871C337F97009F06AE /* yyz.jpg */,
				E9B800881C337F97009F06AE /* truck.jpg */,
				E9B800891C337F97009F06AE /* xcz.jpg */,
				E9E4DDC91C2A964C00C496D3 /* 返回.png */,
				E9E4DDC71C2A963D00C496D3 /* expand.png */,
				E9E4DDC51C2A963500C496D3 /* 上传照片.png */,
				E9E4DDC31C2A962700C496D3 /* 添加.png */,
				E9E4DDBB1C2A880C00C496D3 /* 个人名片.jpg */,
				E9E4DDBC1C2A880C00C496D3 /* 门头照片.jpg */,
				E9E4DDBD1C2A880C00C496D3 /* 我是车主.jpg */,
				E9E4DDBE1C2A880C00C496D3 /* 我是货主.jpg */,
				E9E4DDAB1C2A2F9200C496D3 /* unselect.png */,
				E9E4DDAC1C2A2F9200C496D3 /* selected.png */,
				E9E4DDA91C2A2B6200C496D3 /* 姓名.png */,
				E95862191C2150570067D07F /* 3.png */,
				E958621D1C2151640067D07F /* 5.jpg */,
				E958621A1C2150570067D07F /* 123.jpg */,
				E958621F1C2151AA0067D07F /* 主界面.jpg */,
				E96DECF51C22850A000EFE65 /* 交运LOGO.png */,
				E96DECF61C22850A000EFE65 /* 密码.png */,
				E96DECF71C22850A000EFE65 /* 手机号.png */,
			);
			name = "引导页";
			sourceTree = "<group>";
		};
		E9E4DDB51C2A31DC00C496D3 /* StoryBoard */ = {
			isa = PBXGroup;
			children = (
				E988226E1C2BF84900158B71 /* CustomControllers */,
				E958620B1C214F5D0067D07F /* Main.storyboard */,
			);
			name = StoryBoard;
			sourceTree = "<group>";
		};
		E9E4DDB61C2A31F000C496D3 /* ViewController */ = {
			isa = PBXGroup;
			children = (
				E9E4DDB31C2A30A300C496D3 /* RegisterViewController.swift */,
				E95862211C2154120067D07F /* MainViewController.swift */,
				E95862091C214F5D0067D07F /* ViewController.swift */,
				E9D9833E1C2BCEB4004E3493 /* ReleaseTruckViewController.swift */,
				E98822871C2D109E00158B71 /* AddDriverTruckVC.swift */,
				E9B800A41C33A019009F06AE /* GoodsViewController.swift */,
				E9B800A71C34BC36009F06AE /* MyOrderViewController.swift */,
			);
			name = ViewController;
			sourceTree = "<group>";
		};
/* End PBXGroup section */

/* Begin PBXNativeTarget section */
		E95862031C214F5D0067D07F /* GuidePage */ = {
			isa = PBXNativeTarget;
			buildConfigurationList = E95862161C214F5D0067D07F /* Build configuration list for PBXNativeTarget "GuidePage" */;
			buildPhases = (
				E95862001C214F5D0067D07F /* Sources */,
				E95862011C214F5D0067D07F /* Frameworks */,
				E95862021C214F5D0067D07F /* Resources */,
				E9D4422C1C27E471006E200D /* Embed Frameworks */,
			);
			buildRules = (
			);
			dependencies = (
				E9D4422B1C27E471006E200D /* PBXTargetDependency */,
			);
			name = GuidePage;
			productName = GuidePage;
			productReference = E95862041C214F5D0067D07F /* GuidePage.app */;
			productType = "com.apple.product-type.application";
		};
/* End PBXNativeTarget section */

/* Begin PBXProject section */
		E95861FC1C214F5D0067D07F /* Project object */ = {
			isa = PBXProject;
			attributes = {
				LastSwiftUpdateCheck = 0720;
				LastUpgradeCheck = 0720;
				ORGANIZATIONNAME = "吕宁锋";
				TargetAttributes = {
					E95862031C214F5D0067D07F = {
						CreatedOnToolsVersion = 7.2;
						DevelopmentTeam = G4XJRM32RE;
					};
				};
			};
			buildConfigurationList = E95861FF1C214F5D0067D07F /* Build configuration list for PBXProject "GuidePage" */;
			compatibilityVersion = "Xcode 3.2";
			developmentRegion = English;
			hasScannedForEncodings = 0;
			knownRegions = (
				en,
				Base,
			);
			mainGroup = E95861FB1C214F5D0067D07F;
			productRefGroup = E95862051C214F5D0067D07F /* Products */;
			projectDirPath = "";
			projectReferences = (
				{
					ProductGroup = E9D442111C27E45B006E200D /* Products */;
					ProjectRef = E9D442101C27E45B006E200D /* Alamofire.xcodeproj */;
				},
			);
			projectRoot = "";
			targets = (
				E95862031C214F5D0067D07F /* GuidePage */,
			);
		};
/* End PBXProject section */

/* Begin PBXReferenceProxy section */
		E9D4421B1C27E45C006E200D /* Alamofire.framework */ = {
			isa = PBXReferenceProxy;
			fileType = wrapper.framework;
			path = Alamofire.framework;
			remoteRef = E9D4421A1C27E45C006E200D /* PBXContainerItemProxy */;
			sourceTree = BUILT_PRODUCTS_DIR;
		};
		E9D4421D1C27E45C006E200D /* Alamofire iOS Tests.xctest */ = {
			isa = PBXReferenceProxy;
			fileType = wrapper.cfbundle;
			path = "Alamofire iOS Tests.xctest";
			remoteRef = E9D4421C1C27E45C006E200D /* PBXContainerItemProxy */;
			sourceTree = BUILT_PRODUCTS_DIR;
		};
		E9D4421F1C27E45C006E200D /* Alamofire.framework */ = {
			isa = PBXReferenceProxy;
			fileType = wrapper.framework;
			path = Alamofire.framework;
			remoteRef = E9D4421E1C27E45C006E200D /* PBXContainerItemProxy */;
			sourceTree = BUILT_PRODUCTS_DIR;
		};
		E9D442211C27E45C006E200D /* Alamofire OSX Tests.xctest */ = {
			isa = PBXReferenceProxy;
			fileType = wrapper.cfbundle;
			path = "Alamofire OSX Tests.xctest";
			remoteRef = E9D442201C27E45C006E200D /* PBXContainerItemProxy */;
			sourceTree = BUILT_PRODUCTS_DIR;
		};
		E9D442231C27E45C006E200D /* Alamofire.framework */ = {
			isa = PBXReferenceProxy;
			fileType = wrapper.framework;
			path = Alamofire.framework;
			remoteRef = E9D442221C27E45C006E200D /* PBXContainerItemProxy */;
			sourceTree = BUILT_PRODUCTS_DIR;
		};
		E9D442251C27E45C006E200D /* Alamofire tvOS Tests.xctest */ = {
			isa = PBXReferenceProxy;
			fileType = wrapper.cfbundle;
			path = "Alamofire tvOS Tests.xctest";
			remoteRef = E9D442241C27E45C006E200D /* PBXContainerItemProxy */;
			sourceTree = BUILT_PRODUCTS_DIR;
		};
		E9D442271C27E45C006E200D /* Alamofire.framework */ = {
			isa = PBXReferenceProxy;
			fileType = wrapper.framework;
			path = Alamofire.framework;
			remoteRef = E9D442261C27E45C006E200D /* PBXContainerItemProxy */;
			sourceTree = BUILT_PRODUCTS_DIR;
		};
/* End PBXReferenceProxy section */

/* Begin PBXResourcesBuildPhase section */
		E95862021C214F5D0067D07F /* Resources */ = {
			isa = PBXResourcesBuildPhase;
			buildActionMask = 2147483647;
			files = (
				E9B8009E1C3388D2009F06AE /* graborder.png in Resources */,
				E9E4DDC11C2A880C00C496D3 /* 我是车主.jpg in Resources */,
				E9E4DDAE1C2A2F9200C496D3 /* selected.png in Resources */,
				E9E4DDC21C2A880C00C496D3 /* 我是货主.jpg in Resources */,
				E9E4DDAA1C2A2B6200C496D3 /* 姓名.png in Resources */,
				E9B800A31C3388D2009F06AE /* loadtime.png in Resources */,
				E9B800A11C3388D2009F06AE /* endPosition.png in Resources */,
				E96DECF91C22850B000EFE65 /* 密码.png in Resources */,
				E958620F1C214F5D0067D07F /* Assets.xcassets in Resources */,
				E96DECF81C22850B000EFE65 /* 交运LOGO.png in Resources */,
				E96DECFA1C22850B000EFE65 /* 手机号.png in Resources */,
				E9B800A01C3388D2009F06AE /* returnback.png in Resources */,
				E958620D1C214F5D0067D07F /* Main.storyboard in Resources */,
				E9E4DDC81C2A963D00C496D3 /* expand.png in Resources */,
				E9B8009D1C3388D2009F06AE /* startPosition.png in Resources */,
				E9E4DDC01C2A880C00C496D3 /* 门头照片.jpg in Resources */,
				E9B800A21C3388D2009F06AE /* bigtruck.png in Resources */,
				E9B8008C1C337F97009F06AE /* xcz.jpg in Resources */,
				E958621E1C2151640067D07F /* 5.jpg in Resources */,
				E9E4DDAD1C2A2F9200C496D3 /* unselect.png in Resources */,
				E9E4DDBF1C2A880C00C496D3 /* 个人名片.jpg in Resources */,
				E9E4DDC41C2A962700C496D3 /* 添加.png in Resources */,
				E9B8008A1C337F97009F06AE /* yyz.jpg in Resources */,
				E9B8009C1C3388D2009F06AE /* goodstype.png in Resources */,
				E9E4DDCA1C2A964D00C496D3 /* 返回.png in Resources */,
				E9B8008B1C337F97009F06AE /* truck.jpg in Resources */,
				E958621B1C2150570067D07F /* 3.png in Resources */,
				E95862201C2151AA0067D07F /* 主界面.jpg in Resources */,
				E958621C1C2150570067D07F /* 123.jpg in Resources */,
				E9B8009F1C3388D2009F06AE /* littletruck.png in Resources */,
				E9E4DDC61C2A963500C496D3 /* 上传照片.png in Resources */,
			);
			runOnlyForDeploymentPostprocessing = 0;
		};
/* End PBXResourcesBuildPhase section */

/* Begin PBXSourcesBuildPhase section */
		E95862001C214F5D0067D07F /* Sources */ = {
			isa = PBXSourcesBuildPhase;
			buildActionMask = 2147483647;
			files = (
				E98822881C2D109E00158B71 /* AddDriverTruckVC.swift in Sources */,
				E95862221C2154120067D07F /* MainViewController.swift in Sources */,
				E9B800A51C33A019009F06AE /* GoodsViewController.swift in Sources */,
				E9B800A81C34BC36009F06AE /* MyOrderViewController.swift in Sources */,
				E9B800B01C34DAA4009F06AE /* GoodInfoViewItem.swift in Sources */,
				E9D983481C2BD600004E3493 /* DictionaryModel.swift in Sources */,
				E958620A1C214F5D0067D07F /* ViewController.swift in Sources */,
				E95862081C214F5D0067D07F /* AppDelegate.swift in Sources */,
				E9E4DDB41C2A30A300C496D3 /* RegisterViewController.swift in Sources */,
				E98822761C2BF89100158B71 /* TruckControllerViewItem.swift in Sources */,
				E9D9833F1C2BCEB4004E3493 /* ReleaseTruckViewController.swift in Sources */,
			);
			runOnlyForDeploymentPostprocessing = 0;
		};
/* End PBXSourcesBuildPhase section */

/* Begin PBXTargetDependency section */
		E9D4422B1C27E471006E200D /* PBXTargetDependency */ = {
			isa = PBXTargetDependency;
			name = "Alamofire iOS";
			targetProxy = E9D4422A1C27E471006E200D /* PBXContainerItemProxy */;
		};
/* End PBXTargetDependency section */

/* Begin PBXVariantGroup section */
		E958620B1C214F5D0067D07F /* Main.storyboard */ = {
			isa = PBXVariantGroup;
			children = (
				E958620C1C214F5D0067D07F /* Base */,
			);
			name = Main.storyboard;
			path = GuidePage;
			sourceTree = "<group>";
		};
/* End PBXVariantGroup section */

/* Begin XCBuildConfiguration section */
		E95862141C214F5D0067D07F /* Debug */ = {
			isa = XCBuildConfiguration;
			buildSettings = {
				ALWAYS_SEARCH_USER_PATHS = NO;
				CLANG_CXX_LANGUAGE_STANDARD = "gnu++0x";
				CLANG_CXX_LIBRARY = "libc++";
				CLANG_ENABLE_MODULES = YES;
				CLANG_ENABLE_OBJC_ARC = YES;
				CLANG_WARN_BOOL_CONVERSION = YES;
				CLANG_WARN_CONSTANT_CONVERSION = YES;
				CLANG_WARN_DIRECT_OBJC_ISA_USAGE = YES_ERROR;
				CLANG_WARN_EMPTY_BODY = YES;
				CLANG_WARN_ENUM_CONVERSION = YES;
				CLANG_WARN_INT_CONVERSION = YES;
				CLANG_WARN_OBJC_ROOT_CLASS = YES_ERROR;
				CLANG_WARN_UNREACHABLE_CODE = YES;
				CLANG_WARN__DUPLICATE_METHOD_MATCH = YES;
				"CODE_SIGN_IDENTITY[sdk=iphoneos*]" = "iPhone Developer";
				COPY_PHASE_STRIP = NO;
				DEBUG_INFORMATION_FORMAT = dwarf;
				ENABLE_STRICT_OBJC_MSGSEND = YES;
				ENABLE_TESTABILITY = YES;
				GCC_C_LANGUAGE_STANDARD = gnu99;
				GCC_DYNAMIC_NO_PIC = NO;
				GCC_NO_COMMON_BLOCKS = YES;
				GCC_OPTIMIZATION_LEVEL = 0;
				GCC_PREPROCESSOR_DEFINITIONS = (
					"DEBUG=1",
					"$(inherited)",
				);
				GCC_WARN_64_TO_32_BIT_CONVERSION = YES;
				GCC_WARN_ABOUT_RETURN_TYPE = YES_ERROR;
				GCC_WARN_UNDECLARED_SELECTOR = YES;
				GCC_WARN_UNINITIALIZED_AUTOS = YES_AGGRESSIVE;
				GCC_WARN_UNUSED_FUNCTION = YES;
				GCC_WARN_UNUSED_VARIABLE = YES;
				IPHONEOS_DEPLOYMENT_TARGET = 9.2;
				MTL_ENABLE_DEBUG_INFO = YES;
				ONLY_ACTIVE_ARCH = YES;
				SDKROOT = iphoneos;
				SWIFT_OPTIMIZATION_LEVEL = "-Onone";
			};
			name = Debug;
		};
		E95862151C214F5D0067D07F /* Release */ = {
			isa = XCBuildConfiguration;
			buildSettings = {
				ALWAYS_SEARCH_USER_PATHS = NO;
				CLANG_CXX_LANGUAGE_STANDARD = "gnu++0x";
				CLANG_CXX_LIBRARY = "libc++";
				CLANG_ENABLE_MODULES = YES;
				CLANG_ENABLE_OBJC_ARC = YES;
				CLANG_WARN_BOOL_CONVERSION = YES;
				CLANG_WARN_CONSTANT_CONVERSION = YES;
				CLANG_WARN_DIRECT_OBJC_ISA_USAGE = YES_ERROR;
				CLANG_WARN_EMPTY_BODY = YES;
				CLANG_WARN_ENUM_CONVERSION = YES;
				CLANG_WARN_INT_CONVERSION = YES;
				CLANG_WARN_OBJC_ROOT_CLASS = YES_ERROR;
				CLANG_WARN_UNREACHABLE_CODE = YES;
				CLANG_WARN__DUPLICATE_METHOD_MATCH = YES;
				"CODE_SIGN_IDENTITY[sdk=iphoneos*]" = "iPhone Developer";
				COPY_PHASE_STRIP = NO;
				DEBUG_INFORMATION_FORMAT = "dwarf-with-dsym";
				ENABLE_NS_ASSERTIONS = NO;
				ENABLE_STRICT_OBJC_MSGSEND = YES;
				GCC_C_LANGUAGE_STANDARD = gnu99;
				GCC_NO_COMMON_BLOCKS = YES;
				GCC_WARN_64_TO_32_BIT_CONVERSION = YES;
				GCC_WARN_ABOUT_RETURN_TYPE = YES_ERROR;
				GCC_WARN_UNDECLARED_SELECTOR = YES;
				GCC_WARN_UNINITIALIZED_AUTOS = YES_AGGRESSIVE;
				GCC_WARN_UNUSED_FUNCTION = YES;
				GCC_WARN_UNUSED_VARIABLE = YES;
				IPHONEOS_DEPLOYMENT_TARGET = 9.2;
				MTL_ENABLE_DEBUG_INFO = NO;
				SDKROOT = iphoneos;
				VALIDATE_PRODUCT = YES;
			};
			name = Release;
		};
		E95862171C214F5D0067D07F /* Debug */ = {
			isa = XCBuildConfiguration;
			buildSettings = {
				ASSETCATALOG_COMPILER_APPICON_NAME = AppIcon;
				CLANG_ENABLE_MODULES = YES;
				CODE_SIGN_IDENTITY = "iPhone Developer";
				EMBEDDED_CONTENT_CONTAINS_SWIFT = YES;
				INFOPLIST_FILE = GuidePage/Info.plist;
				IPHONEOS_DEPLOYMENT_TARGET = 9.1;
				LD_RUNPATH_SEARCH_PATHS = "$(inherited) @executable_path/Frameworks";
				PRODUCT_BUNDLE_IDENTIFIER = math.pi.GuidePage;
				PRODUCT_NAME = "$(TARGET_NAME)";
				SWIFT_OPTIMIZATION_LEVEL = "-Onone";
				TARGETED_DEVICE_FAMILY = 1;
			};
			name = Debug;
		};
		E95862181C214F5D0067D07F /* Release */ = {
			isa = XCBuildConfiguration;
			buildSettings = {
				ASSETCATALOG_COMPILER_APPICON_NAME = AppIcon;
				CLANG_ENABLE_MODULES = YES;
				CODE_SIGN_IDENTITY = "iPhone Developer";
				EMBEDDED_CONTENT_CONTAINS_SWIFT = YES;
				INFOPLIST_FILE = GuidePage/Info.plist;
				IPHONEOS_DEPLOYMENT_TARGET = 9.1;
				LD_RUNPATH_SEARCH_PATHS = "$(inherited) @executable_path/Frameworks";
				PRODUCT_BUNDLE_IDENTIFIER = math.pi.GuidePage;
				PRODUCT_NAME = "$(TARGET_NAME)";
				TARGETED_DEVICE_FAMILY = 1;
			};
			name = Release;
		};
/* End XCBuildConfiguration section */

/* Begin XCConfigurationList section */
		E95861FF1C214F5D0067D07F /* Build configuration list for PBXProject "GuidePage" */ = {
			isa = XCConfigurationList;
			buildConfigurations = (
				E95862141C214F5D0067D07F /* Debug */,
				E95862151C214F5D0067D07F /* Release */,
			);
			defaultConfigurationIsVisible = 0;
			defaultConfigurationName = Release;
		};
		E95862161C214F5D0067D07F /* Build configuration list for PBXNativeTarget "GuidePage" */ = {
			isa = XCConfigurationList;
			buildConfigurations = (
				E95862171C214F5D0067D07F /* Debug */,
				E95862181C214F5D0067D07F /* Release */,
			);
			defaultConfigurationIsVisible = 0;
			defaultConfigurationName = Release;
		};
/* End XCConfigurationList section */
	};
	rootObject = E95861FC1C214F5D0067D07F /* Project object */;
}
